
Microsoft Visual Studio Solution File, Format Version 12.00
# Visual Studio Version 17
VisualStudioVersion = 17.0.31903.59
MinimumVisualStudioVersion = 10.0.40219.1
Project("{FAE04EC0-301F-11D3-BF4B-00C04F79EFBC}") = "BlazorMusicCatalog", "BlazorMusicCatalog\BlazorMusicCatalog.csproj", "{6203276A-972A-4080-8A4A-08570EE4E03A}"
EndProject
Project("{FAE04EC0-301F-11D3-BF4B-00C04F79EFBC}") = "BlazorMusicCatalog.Data", "BlazorMusicCatalog.Data\BlazorMusicCatalog.Data.csproj", "{55C00F6D-FF5F-4D8D-8A03-0D21D9468297}"
EndProject
Project("{FAE04EC0-301F-11D3-BF4B-00C04F79EFBC}") = "BlazorMusicCatalog.Models", "BlazorMusicCatalog.Models\BlazorMusicCatalog.Models.csproj", "{2BCD8E98-79B4-4791-B6BB-7C8F55B489D0}"
EndProject
Global
	GlobalSection(SolutionConfigurationPlatforms) = preSolution
		Debug|Any CPU = Debug|Any CPU
		Release|Any CPU = Release|Any CPU
	EndGlobalSection
	GlobalSection(SolutionProperties) = preSolution
		HideSolutionNode = FALSE
	EndGlobalSection
	GlobalSection(ProjectConfigurationPlatforms) = postSolution
		{6203276A-972A-4080-8A4A-08570EE4E03A}.Debug|Any CPU.ActiveCfg = Debug|Any CPU
		{6203276A-972A-4080-8A4A-08570EE4E03A}.Debug|Any CPU.Build.0 = Debug|Any CPU
		{6203276A-972A-4080-8A4A-08570EE4E03A}.Release|Any CPU.ActiveCfg = Release|Any CPU
		{6203276A-972A-4080-8A4A-08570EE4E03A}.Release|Any CPU.Build.0 = Release|Any CPU
		{55C00F6D-FF5F-4D8D-8A03-0D21D9468297}.Debug|Any CPU.ActiveCfg = Debug|Any CPU
		{55C00F6D-FF5F-4D8D-8A03-0D21D9468297}.Debug|Any CPU.Build.0 = Debug|Any CPU
		{55C00F6D-FF5F-4D8D-8A03-0D21D9468297}.Release|Any CPU.ActiveCfg = Release|Any CPU
		{55C00F6D-FF5F-4D8D-8A03-0D21D9468297}.Release|Any CPU.Build.0 = Release|Any CPU
		{2BCD8E98-79B4-4791-B6BB-7C8F55B489D0}.Debug|Any CPU.ActiveCfg = Debug|Any CPU
		{2BCD8E98-79B4-4791-B6BB-7C8F55B489D0}.Debug|Any CPU.Build.0 = Debug|Any CPU
		{2BCD8E98-79B4-4791-B6BB-7C8F55B489D0}.Release|Any CPU.ActiveCfg = Release|Any CPU
		{2BCD8E98-79B4-4791-B6BB-7C8F55B489D0}.Release|Any CPU.Build.0 = Release|Any CPU
	EndGlobalSection
EndGlobal
